
Microsoft Visual Studio Solution File, Format Version 12.00
# Visual Studio 15
VisualStudioVersion = 15.0.28010.2003
MinimumVisualStudioVersion = 10.0.40219.1
Project("{FAE04EC0-301F-11D3-BF4B-00C04F79EFBC}") = "MyProject.Specs", "MyProject.Specs\MyProject.Specs.csproj", "{8BB3F312-039E-4AC1-AE1F-F415055B841F}"
EndProject
Project("{2150E333-8FDC-42A3-9474-1A3956D46DE8}") = "Solution Items", "Solution Items", "{534591C5-3756-4BB9-87E7-E81183E6F6C8}"
	ProjectSection(SolutionItems) = preProject
		readme.md = readme.md
	EndProjectSection
EndProject
Global
	GlobalSection(SolutionConfigurationPlatforms) = preSolution
		Debug|Any CPU = Debug|Any CPU
		Release|Any CPU = Release|Any CPU
	EndGlobalSection
	GlobalSection(ProjectConfigurationPlatforms) = postSolution
		{8BB3F312-039E-4AC1-AE1F-F415055B841F}.Debug|Any CPU.ActiveCfg = Debug|Any CPU
		{8BB3F312-039E-4AC1-AE1F-F415055B841F}.Debug|Any CPU.Build.0 = Debug|Any CPU
		{8BB3F312-039E-4AC1-AE1F-F415055B841F}.Release|Any CPU.ActiveCfg = Release|Any CPU
		{8BB3F312-039E-4AC1-AE1F-F415055B841F}.Release|Any CPU.Build.0 = Release|Any CPU
	EndGlobalSection
	GlobalSection(SolutionProperties) = preSolution
		HideSolutionNode = FALSE
	EndGlobalSection
	GlobalSection(ExtensibilityGlobals) = postSolution
		SolutionGuid = {5E3CCA2D-6B62-4755-8BE9-B1DBEBF9F647}
	EndGlobalSection
EndGlobal
