
Microsoft Visual Studio Solution File, Format Version 12.00
# Visual Studio 15
VisualStudioVersion = 15.0.28010.2003
MinimumVisualStudioVersion = 10.0.40219.1
Project("{FAE04EC0-301F-11D3-BF4B-00C04F79EFBC}") = "MyProject.Specs", "MyProject.Specs\MyProject.Specs.csproj", "{8BB3F312-039E-4AC1-AE1F-F415055B841F}"
EndProject
Project("{FAE04EC0-301F-11D3-BF4B-00C04F79EFBC}") = "Example", "Example\Example.csproj", "{3381C5EA-20CC-4B8E-98D5-E3CF7C587845}"
EndProject
Project("{2150E333-8FDC-42A3-9474-1A3956D46DE8}") = "Solution Items", "Solution Items", "{DA30CFA8-ED2C-4499-B43F-B1DE444515CA}"
	ProjectSection(SolutionItems) = preProject
		readme.md = readme.md
	EndProjectSection
EndProject
Global
	GlobalSection(SolutionConfigurationPlatforms) = preSolution
		Debug|Any CPU = Debug|Any CPU
		Release|Any CPU = Release|Any CPU
	EndGlobalSection
	GlobalSection(ProjectConfigurationPlatforms) = postSolution
		{8BB3F312-039E-4AC1-AE1F-F415055B841F}.Debug|Any CPU.ActiveCfg = Debug|Any CPU
		{8BB3F312-039E-4AC1-AE1F-F415055B841F}.Debug|Any CPU.Build.0 = Debug|Any CPU
		{8BB3F312-039E-4AC1-AE1F-F415055B841F}.Release|Any CPU.ActiveCfg = Release|Any CPU
		{8BB3F312-039E-4AC1-AE1F-F415055B841F}.Release|Any CPU.Build.0 = Release|Any CPU
		{3381C5EA-20CC-4B8E-98D5-E3CF7C587845}.Debug|Any CPU.ActiveCfg = Debug|Any CPU
		{3381C5EA-20CC-4B8E-98D5-E3CF7C587845}.Debug|Any CPU.Build.0 = Debug|Any CPU
		{3381C5EA-20CC-4B8E-98D5-E3CF7C587845}.Release|Any CPU.ActiveCfg = Release|Any CPU
		{3381C5EA-20CC-4B8E-98D5-E3CF7C587845}.Release|Any CPU.Build.0 = Release|Any CPU
	EndGlobalSection
	GlobalSection(SolutionProperties) = preSolution
		HideSolutionNode = FALSE
	EndGlobalSection
	GlobalSection(ExtensibilityGlobals) = postSolution
		SolutionGuid = {74ABCBD6-1ED3-4E9E-ACEC-07440343D8EE}
	EndGlobalSection
EndGlobal
