
Microsoft Visual Studio Solution File, Format Version 12.00
# Visual Studio Version 16
VisualStudioVersion = 16.0.28922.388
MinimumVisualStudioVersion = 10.0.40219.1
Project("{9A19103F-16F7-4668-BE54-9A1E7A4F7556}") = "TestApplication.UiTests", "TestApplication.UiTests\TestApplication.UiTests.csproj", "{8AC76206-C5B8-4E21-BC0A-E3539511A859}"
EndProject
Project("{2150E333-8FDC-42A3-9474-1A3956D46DE8}") = "Solution Items", "Solution Items", "{7C938812-F9AF-4D01-A2E5-A74B041AAFAF}"
	ProjectSection(SolutionItems) = preProject
		.gitignore = .gitignore
		readme.md = readme.md
	EndProjectSection
EndProject
Project("{9A19103F-16F7-4668-BE54-9A1E7A4F7556}") = "TestApplication.Web", "TestApplication.Web\TestApplication.Web.csproj", "{27B4B90C-362E-4543-9EDD-3713B47873E3}"
EndProject
Global
	GlobalSection(SolutionConfigurationPlatforms) = preSolution
		Debug|Any CPU = Debug|Any CPU
		Release|Any CPU = Release|Any CPU
	EndGlobalSection
	GlobalSection(ProjectConfigurationPlatforms) = postSolution
		{8AC76206-C5B8-4E21-BC0A-E3539511A859}.Debug|Any CPU.ActiveCfg = Debug|Any CPU
		{8AC76206-C5B8-4E21-BC0A-E3539511A859}.Debug|Any CPU.Build.0 = Debug|Any CPU
		{8AC76206-C5B8-4E21-BC0A-E3539511A859}.Release|Any CPU.ActiveCfg = Release|Any CPU
		{8AC76206-C5B8-4E21-BC0A-E3539511A859}.Release|Any CPU.Build.0 = Release|Any CPU
		{27B4B90C-362E-4543-9EDD-3713B47873E3}.Debug|Any CPU.ActiveCfg = Debug|Any CPU
		{27B4B90C-362E-4543-9EDD-3713B47873E3}.Debug|Any CPU.Build.0 = Debug|Any CPU
		{27B4B90C-362E-4543-9EDD-3713B47873E3}.Release|Any CPU.ActiveCfg = Release|Any CPU
		{27B4B90C-362E-4543-9EDD-3713B47873E3}.Release|Any CPU.Build.0 = Release|Any CPU
	EndGlobalSection
	GlobalSection(SolutionProperties) = preSolution
		HideSolutionNode = FALSE
	EndGlobalSection
	GlobalSection(ExtensibilityGlobals) = postSolution
		SolutionGuid = {C3C9F011-1865-4393-9BDA-4F458692EB54}
	EndGlobalSection
EndGlobal
