
Microsoft Visual Studio Solution File, Format Version 12.00
# Visual Studio 15
VisualStudioVersion = 15.0.27130.2010
MinimumVisualStudioVersion = 10.0.40219.1
Project("{FAE04EC0-301F-11D3-BF4B-00C04F79EFBC}") = "DatabaseCode", "DatabaseCode\DatabaseCode.csproj", "{43C48A83-B7D8-4D26-BEC9-243CA3BF04E1}"
EndProject
Project("{FAE04EC0-301F-11D3-BF4B-00C04F79EFBC}") = "DatabaseCode.Tests", "DatabaseCode.Tests\DatabaseCode.Tests.csproj", "{02AB3B21-6C7E-4235-BE3A-00D11461EDDC}"
EndProject
Global
	GlobalSection(SolutionConfigurationPlatforms) = preSolution
		Debug|Any CPU = Debug|Any CPU
		Release|Any CPU = Release|Any CPU
	EndGlobalSection
	GlobalSection(ProjectConfigurationPlatforms) = postSolution
		{43C48A83-B7D8-4D26-BEC9-243CA3BF04E1}.Debug|Any CPU.ActiveCfg = Debug|Any CPU
		{43C48A83-B7D8-4D26-BEC9-243CA3BF04E1}.Debug|Any CPU.Build.0 = Debug|Any CPU
		{43C48A83-B7D8-4D26-BEC9-243CA3BF04E1}.Release|Any CPU.ActiveCfg = Release|Any CPU
		{43C48A83-B7D8-4D26-BEC9-243CA3BF04E1}.Release|Any CPU.Build.0 = Release|Any CPU
		{02AB3B21-6C7E-4235-BE3A-00D11461EDDC}.Debug|Any CPU.ActiveCfg = Debug|Any CPU
		{02AB3B21-6C7E-4235-BE3A-00D11461EDDC}.Debug|Any CPU.Build.0 = Debug|Any CPU
		{02AB3B21-6C7E-4235-BE3A-00D11461EDDC}.Release|Any CPU.ActiveCfg = Release|Any CPU
		{02AB3B21-6C7E-4235-BE3A-00D11461EDDC}.Release|Any CPU.Build.0 = Release|Any CPU
	EndGlobalSection
	GlobalSection(SolutionProperties) = preSolution
		HideSolutionNode = FALSE
	EndGlobalSection
	GlobalSection(ExtensibilityGlobals) = postSolution
		SolutionGuid = {2788EEEB-3B7D-4B0F-9E6D-9D178378F9F4}
	EndGlobalSection
EndGlobal
